
Microsoft Visual Studio Solution File, Format Version 12.00
# Visual Studio Version 17
VisualStudioVersion = 17.0.31903.59
MinimumVisualStudioVersion = 10.0.40219.1
Project("{FAE04EC0-301F-11D3-BF4B-00C04F79EFBC}") = "GettingStarted", "GettingStarted\GettingStarted.csproj", "{0B2F02BA-BE38-442B-AF74-4E14578A2263}"
EndProject
Project("{FAE04EC0-301F-11D3-BF4B-00C04F79EFBC}") = "Http", "Http\Http.csproj", "{07211949-D534-45A9-A26D-131486B5667D}"
EndProject
Project("{FAE04EC0-301F-11D3-BF4B-00C04F79EFBC}") = "MiddleWare", "MiddleWare\MiddleWare.csproj", "{54B13F27-F4CA-4499-9E99-2C34C4CD9D2E}"
EndProject
Project("{FAE04EC0-301F-11D3-BF4B-00C04F79EFBC}") = "Routing", "Routing\Routing.csproj", "{750E8045-21F5-441E-AA43-0A877A61A36A}"
EndProject
Project("{FAE04EC0-301F-11D3-BF4B-00C04F79EFBC}") = "Controllers", "Controllers\Controllers.csproj", "{7110B19E-6509-447B-9564-63ED96CF5C13}"
EndProject
Project("{FAE04EC0-301F-11D3-BF4B-00C04F79EFBC}") = "ModelBinding", "ModelBinding\ModelBinding.csproj", "{C663211B-7296-4C48-B554-2FD9E70E0BB0}"
EndProject
Project("{FAE04EC0-301F-11D3-BF4B-00C04F79EFBC}") = "RazorViews", "RazorViews\RazorViews.csproj", "{7ABA367B-EA15-419C-9D1E-AC3C44492C9B}"
EndProject
Project("{FAE04EC0-301F-11D3-BF4B-00C04F79EFBC}") = "LayoutViews", "LayoutViews\LayoutViews.csproj", "{34CFE03C-2824-4E6C-95A8-73B9304EA269}"
EndProject
Project("{FAE04EC0-301F-11D3-BF4B-00C04F79EFBC}") = "PartialViews", "PartialViews\PartialViews.csproj", "{00224B32-46F4-4C6F-9BDC-42EECF9C0673}"
EndProject
Project("{FAE04EC0-301F-11D3-BF4B-00C04F79EFBC}") = "ViewComponents", "ViewComponents\ViewComponents.csproj", "{1C9BC53D-B969-4D7B-8999-B1D978B2BB33}"
EndProject
Project("{2150E333-8FDC-42A3-9474-1A3956D46DE8}") = "DependencyInjection", "DependencyInjection", "{D32F8968-860A-4D57-9B64-1509BD5AE732}"
EndProject
Project("{FAE04EC0-301F-11D3-BF4B-00C04F79EFBC}") = "DI.API", "DependencyInjection\DI.API\DI.API.csproj", "{83EB44AF-516F-47B6-A508-F6E91B36AAC5}"
EndProject
Project("{FAE04EC0-301F-11D3-BF4B-00C04F79EFBC}") = "DI.Core", "DependencyInjection\DI.Core\DI.Core.csproj", "{F1397928-F493-45DF-A2F8-BDBC7EB30886}"
EndProject
Project("{FAE04EC0-301F-11D3-BF4B-00C04F79EFBC}") = "DI.Infrastructure", "DependencyInjection\DI.Infrastructure\DI.Infrastructure.csproj", "{6056D673-F1C6-4814-921B-911DC264BB3D}"
EndProject
Global
	GlobalSection(SolutionConfigurationPlatforms) = preSolution
		Debug|Any CPU = Debug|Any CPU
		Release|Any CPU = Release|Any CPU
	EndGlobalSection
	GlobalSection(SolutionProperties) = preSolution
		HideSolutionNode = FALSE
	EndGlobalSection
	GlobalSection(ProjectConfigurationPlatforms) = postSolution
		{0B2F02BA-BE38-442B-AF74-4E14578A2263}.Debug|Any CPU.ActiveCfg = Debug|Any CPU
		{0B2F02BA-BE38-442B-AF74-4E14578A2263}.Debug|Any CPU.Build.0 = Debug|Any CPU
		{0B2F02BA-BE38-442B-AF74-4E14578A2263}.Release|Any CPU.ActiveCfg = Release|Any CPU
		{0B2F02BA-BE38-442B-AF74-4E14578A2263}.Release|Any CPU.Build.0 = Release|Any CPU
		{07211949-D534-45A9-A26D-131486B5667D}.Debug|Any CPU.ActiveCfg = Debug|Any CPU
		{07211949-D534-45A9-A26D-131486B5667D}.Debug|Any CPU.Build.0 = Debug|Any CPU
		{07211949-D534-45A9-A26D-131486B5667D}.Release|Any CPU.ActiveCfg = Release|Any CPU
		{07211949-D534-45A9-A26D-131486B5667D}.Release|Any CPU.Build.0 = Release|Any CPU
		{54B13F27-F4CA-4499-9E99-2C34C4CD9D2E}.Debug|Any CPU.ActiveCfg = Debug|Any CPU
		{54B13F27-F4CA-4499-9E99-2C34C4CD9D2E}.Debug|Any CPU.Build.0 = Debug|Any CPU
		{54B13F27-F4CA-4499-9E99-2C34C4CD9D2E}.Release|Any CPU.ActiveCfg = Release|Any CPU
		{54B13F27-F4CA-4499-9E99-2C34C4CD9D2E}.Release|Any CPU.Build.0 = Release|Any CPU
		{750E8045-21F5-441E-AA43-0A877A61A36A}.Debug|Any CPU.ActiveCfg = Debug|Any CPU
		{750E8045-21F5-441E-AA43-0A877A61A36A}.Debug|Any CPU.Build.0 = Debug|Any CPU
		{750E8045-21F5-441E-AA43-0A877A61A36A}.Release|Any CPU.ActiveCfg = Release|Any CPU
		{750E8045-21F5-441E-AA43-0A877A61A36A}.Release|Any CPU.Build.0 = Release|Any CPU
		{7110B19E-6509-447B-9564-63ED96CF5C13}.Debug|Any CPU.ActiveCfg = Debug|Any CPU
		{7110B19E-6509-447B-9564-63ED96CF5C13}.Debug|Any CPU.Build.0 = Debug|Any CPU
		{7110B19E-6509-447B-9564-63ED96CF5C13}.Release|Any CPU.ActiveCfg = Release|Any CPU
		{7110B19E-6509-447B-9564-63ED96CF5C13}.Release|Any CPU.Build.0 = Release|Any CPU
		{C663211B-7296-4C48-B554-2FD9E70E0BB0}.Debug|Any CPU.ActiveCfg = Debug|Any CPU
		{C663211B-7296-4C48-B554-2FD9E70E0BB0}.Debug|Any CPU.Build.0 = Debug|Any CPU
		{C663211B-7296-4C48-B554-2FD9E70E0BB0}.Release|Any CPU.ActiveCfg = Release|Any CPU
		{C663211B-7296-4C48-B554-2FD9E70E0BB0}.Release|Any CPU.Build.0 = Release|Any CPU
		{7ABA367B-EA15-419C-9D1E-AC3C44492C9B}.Debug|Any CPU.ActiveCfg = Debug|Any CPU
		{7ABA367B-EA15-419C-9D1E-AC3C44492C9B}.Debug|Any CPU.Build.0 = Debug|Any CPU
		{7ABA367B-EA15-419C-9D1E-AC3C44492C9B}.Release|Any CPU.ActiveCfg = Release|Any CPU
		{7ABA367B-EA15-419C-9D1E-AC3C44492C9B}.Release|Any CPU.Build.0 = Release|Any CPU
		{34CFE03C-2824-4E6C-95A8-73B9304EA269}.Debug|Any CPU.ActiveCfg = Debug|Any CPU
		{34CFE03C-2824-4E6C-95A8-73B9304EA269}.Debug|Any CPU.Build.0 = Debug|Any CPU
		{34CFE03C-2824-4E6C-95A8-73B9304EA269}.Release|Any CPU.ActiveCfg = Release|Any CPU
		{34CFE03C-2824-4E6C-95A8-73B9304EA269}.Release|Any CPU.Build.0 = Release|Any CPU
		{00224B32-46F4-4C6F-9BDC-42EECF9C0673}.Debug|Any CPU.ActiveCfg = Debug|Any CPU
		{00224B32-46F4-4C6F-9BDC-42EECF9C0673}.Debug|Any CPU.Build.0 = Debug|Any CPU
		{00224B32-46F4-4C6F-9BDC-42EECF9C0673}.Release|Any CPU.ActiveCfg = Release|Any CPU
		{00224B32-46F4-4C6F-9BDC-42EECF9C0673}.Release|Any CPU.Build.0 = Release|Any CPU
		{1C9BC53D-B969-4D7B-8999-B1D978B2BB33}.Debug|Any CPU.ActiveCfg = Debug|Any CPU
		{1C9BC53D-B969-4D7B-8999-B1D978B2BB33}.Debug|Any CPU.Build.0 = Debug|Any CPU
		{1C9BC53D-B969-4D7B-8999-B1D978B2BB33}.Release|Any CPU.ActiveCfg = Release|Any CPU
		{1C9BC53D-B969-4D7B-8999-B1D978B2BB33}.Release|Any CPU.Build.0 = Release|Any CPU
		{83EB44AF-516F-47B6-A508-F6E91B36AAC5}.Debug|Any CPU.ActiveCfg = Debug|Any CPU
		{83EB44AF-516F-47B6-A508-F6E91B36AAC5}.Debug|Any CPU.Build.0 = Debug|Any CPU
		{83EB44AF-516F-47B6-A508-F6E91B36AAC5}.Release|Any CPU.ActiveCfg = Release|Any CPU
		{83EB44AF-516F-47B6-A508-F6E91B36AAC5}.Release|Any CPU.Build.0 = Release|Any CPU
		{F1397928-F493-45DF-A2F8-BDBC7EB30886}.Debug|Any CPU.ActiveCfg = Debug|Any CPU
		{F1397928-F493-45DF-A2F8-BDBC7EB30886}.Debug|Any CPU.Build.0 = Debug|Any CPU
		{F1397928-F493-45DF-A2F8-BDBC7EB30886}.Release|Any CPU.ActiveCfg = Release|Any CPU
		{F1397928-F493-45DF-A2F8-BDBC7EB30886}.Release|Any CPU.Build.0 = Release|Any CPU
		{6056D673-F1C6-4814-921B-911DC264BB3D}.Debug|Any CPU.ActiveCfg = Debug|Any CPU
		{6056D673-F1C6-4814-921B-911DC264BB3D}.Debug|Any CPU.Build.0 = Debug|Any CPU
		{6056D673-F1C6-4814-921B-911DC264BB3D}.Release|Any CPU.ActiveCfg = Release|Any CPU
		{6056D673-F1C6-4814-921B-911DC264BB3D}.Release|Any CPU.Build.0 = Release|Any CPU
	EndGlobalSection
	GlobalSection(NestedProjects) = preSolution
		{83EB44AF-516F-47B6-A508-F6E91B36AAC5} = {D32F8968-860A-4D57-9B64-1509BD5AE732}
		{F1397928-F493-45DF-A2F8-BDBC7EB30886} = {D32F8968-860A-4D57-9B64-1509BD5AE732}
		{6056D673-F1C6-4814-921B-911DC264BB3D} = {D32F8968-860A-4D57-9B64-1509BD5AE732}
	EndGlobalSection
EndGlobal
